// !$*UTF8*$!
{
	archiveVersion = 1;
	classes = {
	};
	objectVersion = 50;
	objects = {

/* Begin PBXBuildFile section */
		520D5C5A24B5870E00514DCA /* AppDelegate.swift in Sources */ = {isa = PBXBuildFile; fileRef = 520D5C5924B5870E00514DCA /* AppDelegate.swift */; };
		520D5C5C24B5870E00514DCA /* SceneDelegate.swift in Sources */ = {isa = PBXBuildFile; fileRef = 520D5C5B24B5870E00514DCA /* SceneDelegate.swift */; };
		520D5C5E24B5870E00514DCA /* ViewController.swift in Sources */ = {isa = PBXBuildFile; fileRef = 520D5C5D24B5870E00514DCA /* ViewController.swift */; };
		520D5C6124B5870E00514DCA /* Main.storyboard in Resources */ = {isa = PBXBuildFile; fileRef = 520D5C5F24B5870E00514DCA /* Main.storyboard */; };
		520D5C6324B5871200514DCA /* Assets.xcassets in Resources */ = {isa = PBXBuildFile; fileRef = 520D5C6224B5871200514DCA /* Assets.xcassets */; };
		520D5C6624B5871200514DCA /* LaunchScreen.storyboard in Resources */ = {isa = PBXBuildFile; fileRef = 520D5C6424B5871200514DCA /* LaunchScreen.storyboard */; };
		528FD71F24B837B200665F95 /* story.swift in Sources */ = {isa = PBXBuildFile; fileRef = 528FD71E24B837B200665F95 /* story.swift */; };
/* End PBXBuildFile section */

/* Begin PBXFileReference section */
		520D5C5624B5870E00514DCA /* StoryApp.app */ = {isa = PBXFileReference; explicitFileType = wrapper.application; includeInIndex = 0; path = StoryApp.app; sourceTree = BUILT_PRODUCTS_DIR; };
		520D5C5924B5870E00514DCA /* AppDelegate.swift */ = {isa = PBXFileReference; lastKnownFileType = sourcecode.swift; path = AppDelegate.swift; sourceTree = "<group>"; };
		520D5C5B24B5870E00514DCA /* SceneDelegate.swift */ = {isa = PBXFileReference; lastKnownFileType = sourcecode.swift; path = SceneDelegate.swift; sourceTree = "<group>"; };
		520D5C5D24B5870E00514DCA /* ViewController.swift */ = {isa = PBXFileReference; lastKnownFileType = sourcecode.swift; path = ViewController.swift; sourceTree = "<group>"; };
		520D5C6024B5870E00514DCA /* Base */ = {isa = PBXFileReference; lastKnownFileType = file.storyboard; name = Base; path = Base.lproj/Main.storyboard; sourceTree = "<group>"; };
		520D5C6224B5871200514DCA /* Assets.xcassets */ = {isa = PBXFileReference; lastKnownFileType = folder.assetcatalog; path = Assets.xcassets; sourceTree = "<group>"; };
		520D5C6524B5871200514DCA /* Base */ = {isa = PBXFileReference; lastKnownFileType = file.storyboard; name = Base; path = Base.lproj/LaunchScreen.storyboard; sourceTree = "<group>"; };
		520D5C6724B5871200514DCA /* Info.plist */ = {isa = PBXFileReference; lastKnownFileType = text.plist.xml; path = Info.plist; sourceTree = "<group>"; };
		528FD71E24B837B200665F95 /* story.swift */ = {isa = PBXFileReference; lastKnownFileType = sourcecode.swift; path = story.swift; sourceTree = "<group>"; };
/* End PBXFileReference section */

/* Begin PBXFrameworksBuildPhase section */
		520D5C5324B5870E00514DCA /* Frameworks */ = {
			isa = PBXFrameworksBuildPhase;
			buildActionMask = 2147483647;
			files = (
			);
			runOnlyForDeploymentPostprocessing = 0;
		};
/* End PBXFrameworksBuildPhase section */

/* Begin PBXGroup section */
		520D5C4D24B5870E00514DCA = {
			isa = PBXGroup;
			children = (
				520D5C5824B5870E00514DCA /* StoryApp */,
				520D5C5724B5870E00514DCA /* Products */,
			);
			sourceTree = "<group>";
		};
		520D5C5724B5870E00514DCA /* Products */ = {
			isa = PBXGroup;
			children = (
				520D5C5624B5870E00514DCA /* StoryApp.app */,
			);
			name = Products;
			sourceTree = "<group>";
		};
		520D5C5824B5870E00514DCA /* StoryApp */ = {
			isa = PBXGroup;
			children = (
				520D5C5924B5870E00514DCA /* AppDelegate.swift */,
				520D5C5B24B5870E00514DCA /* SceneDelegate.swift */,
				528FD72024B837BB00665F95 /* Model */,
				528FD71D24B8378200665F95 /* View */,
				528FD71C24B8377200665F95 /* Controller */,
				520D5C6224B5871200514DCA /* Assets.xcassets */,
				520D5C6424B5871200514DCA /* LaunchScreen.storyboard */,
				520D5C6724B5871200514DCA /* Info.plist */,
			);
			path = StoryApp;
			sourceTree = "<group>";
		};
		528FD71C24B8377200665F95 /* Controller */ = {
			isa = PBXGroup;
			children = (
				520D5C5D24B5870E00514DCA /* ViewController.swift */,
			);
			path = Controller;
			sourceTree = "<group>";
		};
		528FD71D24B8378200665F95 /* View */ = {
			isa = PBXGroup;
			children = (
				520D5C5F24B5870E00514DCA /* Main.storyboard */,
			);
			path = View;
			sourceTree = "<group>";
		};
		528FD72024B837BB00665F95 /* Model */ = {
			isa = PBXGroup;
			children = (
				528FD71E24B837B200665F95 /* story.swift */,
			);
			path = Model;
			sourceTree = "<group>";
		};
/* End PBXGroup section */

/* Begin PBXNativeTarget section */
		520D5C5524B5870E00514DCA /* StoryApp */ = {
			isa = PBXNativeTarget;
			buildConfigurationList = 520D5C6A24B5871200514DCA /* Build configuration list for PBXNativeTarget "StoryApp" */;
			buildPhases = (
				520D5C5224B5870E00514DCA /* Sources */,
				520D5C5324B5870E00514DCA /* Frameworks */,
				520D5C5424B5870E00514DCA /* Resources */,
			);
			buildRules = (
			);
			dependencies = (
			);
			name = StoryApp;
			productName = StoryApp;
			productReference = 520D5C5624B5870E00514DCA /* StoryApp.app */;
			productType = "com.apple.product-type.application";
		};
/* End PBXNativeTarget section */

/* Begin PBXProject section */
		520D5C4E24B5870E00514DCA /* Project object */ = {
			isa = PBXProject;
			attributes = {
				LastSwiftUpdateCheck = 1150;
				LastUpgradeCheck = 1150;
				ORGANIZATIONNAME = "Magme Agency";
				TargetAttributes = {
					520D5C5524B5870E00514DCA = {
						CreatedOnToolsVersion = 11.5;
					};
				};
			};
			buildConfigurationList = 520D5C5124B5870E00514DCA /* Build configuration list for PBXProject "StoryApp" */;
			compatibilityVersion = "Xcode 9.3";
			developmentRegion = en;
			hasScannedForEncodings = 0;
			knownRegions = (
				en,
				Base,
			);
			mainGroup = 520D5C4D24B5870E00514DCA;
			productRefGroup = 520D5C5724B5870E00514DCA /* Products */;
			projectDirPath = "";
			projectRoot = "";
			targets = (
				520D5C5524B5870E00514DCA /* StoryApp */,
			);
		};
/* End PBXProject section */

/* Begin PBXResourcesBuildPhase section */
		520D5C5424B5870E00514DCA /* Resources */ = {
			isa = PBXResourcesBuildPhase;
			buildActionMask = 2147483647;
			files = (
				520D5C6624B5871200514DCA /* LaunchScreen.storyboard in Resources */,
				520D5C6324B5871200514DCA /* Assets.xcassets in Resources */,
				520D5C6124B5870E00514DCA /* Main.storyboard in Resources */,
			);
			runOnlyForDeploymentPostprocessing = 0;
		};
/* End PBXResourcesBuildPhase section */

/* Begin PBXSourcesBuildPhase section */
		520D5C5224B5870E00514DCA /* Sources */ = {
			isa = PBXSourcesBuildPhase;
			buildActionMask = 2147483647;
			files = (
				520D5C5E24B5870E00514DCA /* ViewController.swift in Sources */,
				520D5C5A24B5870E00514DCA /* AppDelegate.swift in Sources */,
				520D5C5C24B5870E00514DCA /* SceneDelegate.swift in Sources */,
				528FD71F24B837B200665F95 /* story.swift in Sources */,
			);
			runOnlyForDeploymentPostprocessing = 0;
		};
/* End PBXSourcesBuildPhase section */

/* Begin PBXVariantGroup section */
		520D5C5F24B5870E00514DCA /* Main.storyboard */ = {
			isa = PBXVariantGroup;
			children = (
				520D5C6024B5870E00514DCA /* Base */,
			);
			name = Main.storyboard;
			sourceTree = "<group>";
		};
		520D5C6424B5871200514DCA /* LaunchScreen.storyboard */ = {
			isa = PBXVariantGroup;
			children = (
				520D5C6524B5871200514DCA /* Base */,
			);
			name = LaunchScreen.storyboard;
			sourceTree = "<group>";
		};
/* End PBXVariantGroup section */

/* Begin XCBuildConfiguration section */
		520D5C6824B5871200514DCA /* Debug */ = {
			isa = XCBuildConfiguration;
			buildSettings = {
				ALWAYS_SEARCH_USER_PATHS = NO;
				CLANG_ANALYZER_NONNULL = YES;
				CLANG_ANALYZER_NUMBER_OBJECT_CONVERSION = YES_AGGRESSIVE;
				CLANG_CXX_LANGUAGE_STANDARD = "gnu++14";
				CLANG_CXX_LIBRARY = "libc++";
				CLANG_ENABLE_MODULES = YES;
				CLANG_ENABLE_OBJC_ARC = YES;
				CLANG_ENABLE_OBJC_WEAK = YES;
				CLANG_WARN_BLOCK_CAPTURE_AUTORELEASING = YES;
				CLANG_WARN_BOOL_CONVERSION = YES;
				CLANG_WARN_COMMA = YES;
				CLANG_WARN_CONSTANT_CONVERSION = YES;
				CLANG_WARN_DEPRECATED_OBJC_IMPLEMENTATIONS = YES;
				CLANG_WARN_DIRECT_OBJC_ISA_USAGE = YES_ERROR;
				CLANG_WARN_DOCUMENTATION_COMMENTS = YES;
				CLANG_WARN_EMPTY_BODY = YES;
				CLANG_WARN_ENUM_CONVERSION = YES;
				CLANG_WARN_INFINITE_RECURSION = YES;
				CLANG_WARN_INT_CONVERSION = YES;
				CLANG_WARN_NON_LITERAL_NULL_CONVERSION = YES;
				CLANG_WARN_OBJC_IMPLICIT_RETAIN_SELF = YES;
				CLANG_WARN_OBJC_LITERAL_CONVERSION = YES;
				CLANG_WARN_OBJC_ROOT_CLASS = YES_ERROR;
				CLANG_WARN_RANGE_LOOP_ANALYSIS = YES;
				CLANG_WARN_STRICT_PROTOTYPES = YES;
				CLANG_WARN_SUSPICIOUS_MOVE = YES;
				CLANG_WARN_UNGUARDED_AVAILABILITY = YES_AGGRESSIVE;
				CLANG_WARN_UNREACHABLE_CODE = YES;
				CLANG_WARN__DUPLICATE_METHOD_MATCH = YES;
				COPY_PHASE_STRIP = NO;
				DEBUG_INFORMATION_FORMAT = dwarf;
				ENABLE_STRICT_OBJC_MSGSEND = YES;
				ENABLE_TESTABILITY = YES;
				GCC_C_LANGUAGE_STANDARD = gnu11;
				GCC_DYNAMIC_NO_PIC = NO;
				GCC_NO_COMMON_BLOCKS = YES;
				GCC_OPTIMIZATION_LEVEL = 0;
				GCC_PREPROCESSOR_DEFINITIONS = (
					"DEBUG=1",
					"$(inherited)",
				);
				GCC_WARN_64_TO_32_BIT_CONVERSION = YES;
				GCC_WARN_ABOUT_RETURN_TYPE = YES_ERROR;
				GCC_WARN_UNDECLARED_SELECTOR = YES;
				GCC_WARN_UNINITIALIZED_AUTOS = YES_AGGRESSIVE;
				GCC_WARN_UNUSED_FUNCTION = YES;
				GCC_WARN_UNUSED_VARIABLE = YES;
				IPHONEOS_DEPLOYMENT_TARGET = 13.5;
				MTL_ENABLE_DEBUG_INFO = INCLUDE_SOURCE;
				MTL_FAST_MATH = YES;
				ONLY_ACTIVE_ARCH = YES;
				SDKROOT = iphoneos;
				SWIFT_ACTIVE_COMPILATION_CONDITIONS = DEBUG;
				SWIFT_OPTIMIZATION_LEVEL = "-Onone";
			};
			name = Debug;
		};
		520D5C6924B5871200514DCA /* Release */ = {
			isa = XCBuildConfiguration;
			buildSettings = {
				ALWAYS_SEARCH_USER_PATHS = NO;
				CLANG_ANALYZER_NONNULL = YES;
				CLANG_ANALYZER_NUMBER_OBJECT_CONVERSION = YES_AGGRESSIVE;
				CLANG_CXX_LANGUAGE_STANDARD = "gnu++14";
				CLANG_CXX_LIBRARY = "libc++";
				CLANG_ENABLE_MODULES = YES;
				CLANG_ENABLE_OBJC_ARC = YES;
				CLANG_ENABLE_OBJC_WEAK = YES;
				CLANG_WARN_BLOCK_CAPTURE_AUTORELEASING = YES;
				CLANG_WARN_BOOL_CONVERSION = YES;
				CLANG_WARN_COMMA = YES;
				CLANG_WARN_CONSTANT_CONVERSION = YES;
				CLANG_WARN_DEPRECATED_OBJC_IMPLEMENTATIONS = YES;
				CLANG_WARN_DIRECT_OBJC_ISA_USAGE = YES_ERROR;
				CLANG_WARN_DOCUMENTATION_COMMENTS = YES;
				CLANG_WARN_EMPTY_BODY = YES;
				CLANG_WARN_ENUM_CONVERSION = YES;
				CLANG_WARN_INFINITE_RECURSION = YES;
				CLANG_WARN_INT_CONVERSION = YES;
				CLANG_WARN_NON_LITERAL_NULL_CONVERSION = YES;
				CLANG_WARN_OBJC_IMPLICIT_RETAIN_SELF = YES;
				CLANG_WARN_OBJC_LITERAL_CONVERSION = YES;
				CLANG_WARN_OBJC_ROOT_CLASS = YES_ERROR;
				CLANG_WARN_RANGE_LOOP_ANALYSIS = YES;
				CLANG_WARN_STRICT_PROTOTYPES = YES;
				CLANG_WARN_SUSPICIOUS_MOVE = YES;
				CLANG_WARN_UNGUARDED_AVAILABILITY = YES_AGGRESSIVE;
				CLANG_WARN_UNREACHABLE_CODE = YES;
				CLANG_WARN__DUPLICATE_METHOD_MATCH = YES;
				COPY_PHASE_STRIP = NO;
				DEBUG_INFORMATION_FORMAT = "dwarf-with-dsym";
				ENABLE_NS_ASSERTIONS = NO;
				ENABLE_STRICT_OBJC_MSGSEND = YES;
				GCC_C_LANGUAGE_STANDARD = gnu11;
				GCC_NO_COMMON_BLOCKS = YES;
				GCC_WARN_64_TO_32_BIT_CONVERSION = YES;
				GCC_WARN_ABOUT_RETURN_TYPE = YES_ERROR;
				GCC_WARN_UNDECLARED_SELECTOR = YES;
				GCC_WARN_UNINITIALIZED_AUTOS = YES_AGGRESSIVE;
				GCC_WARN_UNUSED_FUNCTION = YES;
				GCC_WARN_UNUSED_VARIABLE = YES;
				IPHONEOS_DEPLOYMENT_TARGET = 13.5;
				MTL_ENABLE_DEBUG_INFO = NO;
				MTL_FAST_MATH = YES;
				SDKROOT = iphoneos;
				SWIFT_COMPILATION_MODE = wholemodule;
				SWIFT_OPTIMIZATION_LEVEL = "-O";
				VALIDATE_PRODUCT = YES;
			};
			name = Release;
		};
		520D5C6B24B5871200514DCA /* Debug */ = {
			isa = XCBuildConfiguration;
			buildSettings = {
				ASSETCATALOG_COMPILER_APPICON_NAME = AppIcon;
				CODE_SIGN_STYLE = Automatic;
				DEVELOPMENT_TEAM = NVYNUA4F7Z;
				INFOPLIST_FILE = StoryApp/Info.plist;
				LD_RUNPATH_SEARCH_PATHS = (
					"$(inherited)",
					"@executable_path/Frameworks",
				);
				PRODUCT_BUNDLE_IDENTIFIER = dev.magme.StoryApp;
				PRODUCT_NAME = "$(TARGET_NAME)";
				SWIFT_VERSION = 5.0;
				TARGETED_DEVICE_FAMILY = "1,2";
			};
			name = Debug;
		};
		520D5C6C24B5871200514DCA /* Release */ = {
			isa = XCBuildConfiguration;
			buildSettings = {
				ASSETCATALOG_COMPILER_APPICON_NAME = AppIcon;
				CODE_SIGN_STYLE = Automatic;
				DEVELOPMENT_TEAM = NVYNUA4F7Z;
				INFOPLIST_FILE = StoryApp/Info.plist;
				LD_RUNPATH_SEARCH_PATHS = (
					"$(inherited)",
					"@executable_path/Frameworks",
				);
				PRODUCT_BUNDLE_IDENTIFIER = dev.magme.StoryApp;
				PRODUCT_NAME = "$(TARGET_NAME)";
				SWIFT_VERSION = 5.0;
				TARGETED_DEVICE_FAMILY = "1,2";
			};
			name = Release;
		};
/* End XCBuildConfiguration section */

/* Begin XCConfigurationList section */
		520D5C5124B5870E00514DCA /* Build configuration list for PBXProject "StoryApp" */ = {
			isa = XCConfigurationList;
			buildConfigurations = (
				520D5C6824B5871200514DCA /* Debug */,
				520D5C6924B5871200514DCA /* Release */,
			);
			defaultConfigurationIsVisible = 0;
			defaultConfigurationName = Release;
		};
		520D5C6A24B5871200514DCA /* Build configuration list for PBXNativeTarget "StoryApp" */ = {
			isa = XCConfigurationList;
			buildConfigurations = (
				520D5C6B24B5871200514DCA /* Debug */,
				520D5C6C24B5871200514DCA /* Release */,
			);
			defaultConfigurationIsVisible = 0;
			defaultConfigurationName = Release;
		};
/* End XCConfigurationList section */
	};
	rootObject = 520D5C4E24B5870E00514DCA /* Project object */;
}
